
Microsoft Visual Studio Solution File, Format Version 12.00
# Visual Studio Version 17
VisualStudioVersion = 17.13.35913.81 d17.13
MinimumVisualStudioVersion = 10.0.40219.1
Project("{888888A0-9F3D-457C-B088-3A5042F75D52}") = "001", "001\001.pyproj", "{058C81EE-778F-4B19-90AD-2B32A16D60BE}"
EndProject
Project("{888888A0-9F3D-457C-B088-3A5042F75D52}") = "014", "014\014.pyproj", "{8996972D-5CD5-4132-8FB6-5DC31141F45B}"
EndProject
Project("{888888A0-9F3D-457C-B088-3A5042F75D52}") = "027", "027\027.pyproj", "{9C3CCFA3-4471-4679-A19D-7A60755952C0}"
EndProject
Project("{888888A0-9F3D-457C-B088-3A5042F75D52}") = "040", "040\040.pyproj", "{CE0012CE-40E7-4778-8312-DAAC520063C9}"
EndProject
Project("{888888A0-9F3D-457C-B088-3A5042F75D52}") = "053", "053\053.pyproj", "{9579A384-941B-43D2-8A21-C09DFBB5D5E2}"
EndProject
Project("{888888A0-9F3D-457C-B088-3A5042F75D52}") = "066", "066\066.pyproj", "{E4542D3E-6A2A-4C25-856A-E020A301D0E0}"
EndProject
Global
	GlobalSection(SolutionConfigurationPlatforms) = preSolution
		Debug|Any CPU = Debug|Any CPU
		Release|Any CPU = Release|Any CPU
	EndGlobalSection
	GlobalSection(ProjectConfigurationPlatforms) = postSolution
		{058C81EE-778F-4B19-90AD-2B32A16D60BE}.Debug|Any CPU.ActiveCfg = Debug|Any CPU
		{058C81EE-778F-4B19-90AD-2B32A16D60BE}.Release|Any CPU.ActiveCfg = Release|Any CPU
		{8996972D-5CD5-4132-8FB6-5DC31141F45B}.Debug|Any CPU.ActiveCfg = Debug|Any CPU
		{8996972D-5CD5-4132-8FB6-5DC31141F45B}.Release|Any CPU.ActiveCfg = Release|Any CPU
		{9C3CCFA3-4471-4679-A19D-7A60755952C0}.Debug|Any CPU.ActiveCfg = Debug|Any CPU
		{9C3CCFA3-4471-4679-A19D-7A60755952C0}.Release|Any CPU.ActiveCfg = Release|Any CPU
		{CE0012CE-40E7-4778-8312-DAAC520063C9}.Debug|Any CPU.ActiveCfg = Debug|Any CPU
		{CE0012CE-40E7-4778-8312-DAAC520063C9}.Release|Any CPU.ActiveCfg = Release|Any CPU
		{9579A384-941B-43D2-8A21-C09DFBB5D5E2}.Debug|Any CPU.ActiveCfg = Debug|Any CPU
		{9579A384-941B-43D2-8A21-C09DFBB5D5E2}.Release|Any CPU.ActiveCfg = Release|Any CPU
		{E4542D3E-6A2A-4C25-856A-E020A301D0E0}.Debug|Any CPU.ActiveCfg = Debug|Any CPU
		{E4542D3E-6A2A-4C25-856A-E020A301D0E0}.Release|Any CPU.ActiveCfg = Release|Any CPU
	EndGlobalSection
	GlobalSection(SolutionProperties) = preSolution
		HideSolutionNode = FALSE
	EndGlobalSection
	GlobalSection(ExtensibilityGlobals) = postSolution
		SolutionGuid = {12731187-9E62-4C6A-841C-256CB023C0FD}
	EndGlobalSection
EndGlobal
