
Microsoft Visual Studio Solution File, Format Version 12.00
# Visual Studio Version 17
VisualStudioVersion = 17.14.36203.30 d17.14
MinimumVisualStudioVersion = 10.0.40219.1
Project("{888888A0-9F3D-457C-B088-3A5042F75D52}") = "004", "004\004.pyproj", "{9E244635-E7B0-4689-98B5-347E91CCBA97}"
EndProject
Project("{888888A0-9F3D-457C-B088-3A5042F75D52}") = "017", "017\017.pyproj", "{D1C06B9D-6436-438A-A14D-1BA82EA5A35A}"
EndProject
Project("{888888A0-9F3D-457C-B088-3A5042F75D52}") = "030", "030\030.pyproj", "{C9F3F13E-E361-44C2-B10F-7D03C2063640}"
EndProject
Project("{888888A0-9F3D-457C-B088-3A5042F75D52}") = "043", "043\043.pyproj", "{F44BD67F-BE0C-4328-809A-A8ADC710DCB9}"
EndProject
Project("{888888A0-9F3D-457C-B088-3A5042F75D52}") = "056", "056\056.pyproj", "{DE23BE9C-2166-4599-ACB4-8137140F84AA}"
EndProject
Project("{888888A0-9F3D-457C-B088-3A5042F75D52}") = "069", "069\069.pyproj", "{3C15098C-BCA4-49D3-9F8F-A25F6DD99072}"
EndProject
Project("{888888A0-9F3D-457C-B088-3A5042F75D52}") = "082", "082\082.pyproj", "{F9CE5F63-5BB3-4AD8-B406-EFC0E4E89A35}"
EndProject
Project("{888888A0-9F3D-457C-B088-3A5042F75D52}") = "095", "095\095.pyproj", "{DB3FBA36-163F-4C2F-BD6C-BA190BB94D54}"
EndProject
Project("{888888A0-9F3D-457C-B088-3A5042F75D52}") = "108", "108\108.pyproj", "{358D8477-047B-4B78-9AC1-B14383F977F1}"
EndProject
Project("{888888A0-9F3D-457C-B088-3A5042F75D52}") = "121", "121\121.pyproj", "{60D51301-D249-4002-AE38-9691B8641BCA}"
EndProject
Project("{888888A0-9F3D-457C-B088-3A5042F75D52}") = "134", "134\134.pyproj", "{51A808F6-CE94-4B8B-9146-5FE7E77C649D}"
EndProject
Project("{888888A0-9F3D-457C-B088-3A5042F75D52}") = "147", "147\147.pyproj", "{A8ECA060-F598-41E5-B534-6EF8BC31AF21}"
EndProject
Global
	GlobalSection(SolutionConfigurationPlatforms) = preSolution
		Debug|Any CPU = Debug|Any CPU
		Release|Any CPU = Release|Any CPU
	EndGlobalSection
	GlobalSection(ProjectConfigurationPlatforms) = postSolution
		{9E244635-E7B0-4689-98B5-347E91CCBA97}.Debug|Any CPU.ActiveCfg = Debug|Any CPU
		{9E244635-E7B0-4689-98B5-347E91CCBA97}.Release|Any CPU.ActiveCfg = Release|Any CPU
		{D1C06B9D-6436-438A-A14D-1BA82EA5A35A}.Debug|Any CPU.ActiveCfg = Debug|Any CPU
		{D1C06B9D-6436-438A-A14D-1BA82EA5A35A}.Release|Any CPU.ActiveCfg = Release|Any CPU
		{C9F3F13E-E361-44C2-B10F-7D03C2063640}.Debug|Any CPU.ActiveCfg = Debug|Any CPU
		{C9F3F13E-E361-44C2-B10F-7D03C2063640}.Release|Any CPU.ActiveCfg = Release|Any CPU
		{F44BD67F-BE0C-4328-809A-A8ADC710DCB9}.Debug|Any CPU.ActiveCfg = Debug|Any CPU
		{F44BD67F-BE0C-4328-809A-A8ADC710DCB9}.Release|Any CPU.ActiveCfg = Release|Any CPU
		{DE23BE9C-2166-4599-ACB4-8137140F84AA}.Debug|Any CPU.ActiveCfg = Debug|Any CPU
		{DE23BE9C-2166-4599-ACB4-8137140F84AA}.Release|Any CPU.ActiveCfg = Release|Any CPU
		{3C15098C-BCA4-49D3-9F8F-A25F6DD99072}.Debug|Any CPU.ActiveCfg = Debug|Any CPU
		{3C15098C-BCA4-49D3-9F8F-A25F6DD99072}.Release|Any CPU.ActiveCfg = Release|Any CPU
		{F9CE5F63-5BB3-4AD8-B406-EFC0E4E89A35}.Debug|Any CPU.ActiveCfg = Debug|Any CPU
		{F9CE5F63-5BB3-4AD8-B406-EFC0E4E89A35}.Release|Any CPU.ActiveCfg = Release|Any CPU
		{DB3FBA36-163F-4C2F-BD6C-BA190BB94D54}.Debug|Any CPU.ActiveCfg = Debug|Any CPU
		{DB3FBA36-163F-4C2F-BD6C-BA190BB94D54}.Release|Any CPU.ActiveCfg = Release|Any CPU
		{358D8477-047B-4B78-9AC1-B14383F977F1}.Debug|Any CPU.ActiveCfg = Debug|Any CPU
		{358D8477-047B-4B78-9AC1-B14383F977F1}.Release|Any CPU.ActiveCfg = Release|Any CPU
		{60D51301-D249-4002-AE38-9691B8641BCA}.Debug|Any CPU.ActiveCfg = Debug|Any CPU
		{60D51301-D249-4002-AE38-9691B8641BCA}.Release|Any CPU.ActiveCfg = Release|Any CPU
		{51A808F6-CE94-4B8B-9146-5FE7E77C649D}.Debug|Any CPU.ActiveCfg = Debug|Any CPU
		{51A808F6-CE94-4B8B-9146-5FE7E77C649D}.Release|Any CPU.ActiveCfg = Release|Any CPU
		{A8ECA060-F598-41E5-B534-6EF8BC31AF21}.Debug|Any CPU.ActiveCfg = Debug|Any CPU
		{A8ECA060-F598-41E5-B534-6EF8BC31AF21}.Release|Any CPU.ActiveCfg = Release|Any CPU
	EndGlobalSection
	GlobalSection(SolutionProperties) = preSolution
		HideSolutionNode = FALSE
	EndGlobalSection
	GlobalSection(ExtensibilityGlobals) = postSolution
		SolutionGuid = {6AA4AB19-7EE0-4F9D-9794-D3DC2181110A}
	EndGlobalSection
EndGlobal
